{
  "name": "decantr",
  "version": "0.3.0",
  "lockfileVersion": 3,
  "requires": true,
  "packages": {
    "": {
      "name": "decantr",
      "version": "0.3.0",
      "license": "MIT",
      "bin": {
        "decantr": "cli/index.js"
      },
      "engines": {
        "node": ">=22.0.0"
      }
    }
  }
}
